
Microsoft Visual Studio Solution File, Format Version 12.00
# Visual Studio Version 16
VisualStudioVersion = 16.0.31205.134
MinimumVisualStudioVersion = 10.0.40219.1
Project("{FAE04EC0-301F-11D3-BF4B-00C04F79EFBC}") = "Linq2dbBulkCopyIssue", "Linq2dbBulkCopyIssue\Linq2dbBulkCopyIssue.csproj", "{21EBC41D-3B01-433F-B5CA-C5690A3AE1E7}"
EndProject
Global
	GlobalSection(SolutionConfigurationPlatforms) = preSolution
		Debug|Any CPU = Debug|Any CPU
		Release|Any CPU = Release|Any CPU
	EndGlobalSection
	GlobalSection(ProjectConfigurationPlatforms) = postSolution
		{21EBC41D-3B01-433F-B5CA-C5690A3AE1E7}.Debug|Any CPU.ActiveCfg = Debug|Any CPU
		{21EBC41D-3B01-433F-B5CA-C5690A3AE1E7}.Debug|Any CPU.Build.0 = Debug|Any CPU
		{21EBC41D-3B01-433F-B5CA-C5690A3AE1E7}.Release|Any CPU.ActiveCfg = Release|Any CPU
		{21EBC41D-3B01-433F-B5CA-C5690A3AE1E7}.Release|Any CPU.Build.0 = Release|Any CPU
	EndGlobalSection
	GlobalSection(SolutionProperties) = preSolution
		HideSolutionNode = FALSE
	EndGlobalSection
	GlobalSection(ExtensibilityGlobals) = postSolution
		SolutionGuid = {248D268E-A27F-49BC-9611-18510356562E}
	EndGlobalSection
EndGlobal
